
Microsoft Visual Studio Solution File, Format Version 12.00
# Visual Studio Version 16
VisualStudioVersion = 16.0.33801.447
MinimumVisualStudioVersion = 10.0.40219.1
Project("{FAE04EC0-301F-11D3-BF4B-00C04F79EFBC}") = "StudentEmponline", "Emponline\StudentEmponline.csproj", "{27FEAEF9-DB33-476D-AB2F-C0018688F211}"
EndProject
Global
	GlobalSection(SolutionConfigurationPlatforms) = preSolution
		Debug|Any CPU = Debug|Any CPU
		Release|Any CPU = Release|Any CPU
	EndGlobalSection
	GlobalSection(ProjectConfigurationPlatforms) = postSolution
		{27FEAEF9-DB33-476D-AB2F-C0018688F211}.Debug|Any CPU.ActiveCfg = Debug|Any CPU
		{27FEAEF9-DB33-476D-AB2F-C0018688F211}.Debug|Any CPU.Build.0 = Debug|Any CPU
		{27FEAEF9-DB33-476D-AB2F-C0018688F211}.Release|Any CPU.ActiveCfg = Release|Any CPU
		{27FEAEF9-DB33-476D-AB2F-C0018688F211}.Release|Any CPU.Build.0 = Release|Any CPU
	EndGlobalSection
	GlobalSection(SolutionProperties) = preSolution
		HideSolutionNode = FALSE
	EndGlobalSection
	GlobalSection(ExtensibilityGlobals) = postSolution
		SolutionGuid = {E8D84531-AB3E-4953-A561-B58C4998C2A0}
	EndGlobalSection
EndGlobal
